// !$*UTF8*$!
{
	archiveVersion = 1;
	classes = {
	};
	objectVersion = 55;
	objects = {

/* Begin PBXBuildFile section */
		9801F57528EB89530052B1D4 /* SPMPod.docc in Sources */ = {isa = PBXBuildFile; fileRef = 9801F57428EB89530052B1D4 /* SPMPod.docc */; };
		9801F57B28EB89530052B1D4 /* SPMPod.framework in Frameworks */ = {isa = PBXBuildFile; fileRef = 9801F57028EB89530052B1D4 /* SPMPod.framework */; };
		9801F58028EB89530052B1D4 /* SPMPodTests.swift in Sources */ = {isa = PBXBuildFile; fileRef = 9801F57F28EB89530052B1D4 /* SPMPodTests.swift */; };
		9801F58128EB89530052B1D4 /* SPMPod.h in Headers */ = {isa = PBXBuildFile; fileRef = 9801F57328EB89530052B1D4 /* SPMPod.h */; settings = {ATTRIBUTES = (Public, ); }; };
/* End PBXBuildFile section */

/* Begin PBXContainerItemProxy section */
		9801F57C28EB89530052B1D4 /* PBXContainerItemProxy */ = {
			isa = PBXContainerItemProxy;
			containerPortal = 9801F56728EB89530052B1D4 /* Project object */;
			proxyType = 1;
			remoteGlobalIDString = 9801F56F28EB89530052B1D4;
			remoteInfo = SPMPod;
		};
/* End PBXContainerItemProxy section */

/* Begin PBXFileReference section */
		9801F57028EB89530052B1D4 /* SPMPod.framework */ = {isa = PBXFileReference; explicitFileType = wrapper.framework; includeInIndex = 0; path = SPMPod.framework; sourceTree = BUILT_PRODUCTS_DIR; };
		9801F57328EB89530052B1D4 /* SPMPod.h */ = {isa = PBXFileReference; lastKnownFileType = sourcecode.c.h; path = SPMPod.h; sourceTree = "<group>"; };
		9801F57428EB89530052B1D4 /* SPMPod.docc */ = {isa = PBXFileReference; lastKnownFileType = folder.documentationcatalog; path = SPMPod.docc; sourceTree = "<group>"; };
		9801F57A28EB89530052B1D4 /* SPMPodTests.xctest */ = {isa = PBXFileReference; explicitFileType = wrapper.cfbundle; includeInIndex = 0; path = SPMPodTests.xctest; sourceTree = BUILT_PRODUCTS_DIR; };
		9801F57F28EB89530052B1D4 /* SPMPodTests.swift */ = {isa = PBXFileReference; lastKnownFileType = sourcecode.swift; path = SPMPodTests.swift; sourceTree = "<group>"; };
/* End PBXFileReference section */

/* Begin PBXFrameworksBuildPhase section */
		9801F56D28EB89530052B1D4 /* Frameworks */ = {
			isa = PBXFrameworksBuildPhase;
			buildActionMask = 2147483647;
			files = (
			);
			runOnlyForDeploymentPostprocessing = 0;
		};
		9801F57728EB89530052B1D4 /* Frameworks */ = {
			isa = PBXFrameworksBuildPhase;
			buildActionMask = 2147483647;
			files = (
				9801F57B28EB89530052B1D4 /* SPMPod.framework in Frameworks */,
			);
			runOnlyForDeploymentPostprocessing = 0;
		};
/* End PBXFrameworksBuildPhase section */

/* Begin PBXGroup section */
		9801F56628EB89530052B1D4 = {
			isa = PBXGroup;
			children = (
				9801F57228EB89530052B1D4 /* SPMPod */,
				9801F57E28EB89530052B1D4 /* SPMPodTests */,
				9801F57128EB89530052B1D4 /* Products */,
			);
			sourceTree = "<group>";
		};
		9801F57128EB89530052B1D4 /* Products */ = {
			isa = PBXGroup;
			children = (
				9801F57028EB89530052B1D4 /* SPMPod.framework */,
				9801F57A28EB89530052B1D4 /* SPMPodTests.xctest */,
			);
			name = Products;
			sourceTree = "<group>";
		};
		9801F57228EB89530052B1D4 /* SPMPod */ = {
			isa = PBXGroup;
			children = (
				9801F57328EB89530052B1D4 /* SPMPod.h */,
				9801F57428EB89530052B1D4 /* SPMPod.docc */,
			);
			path = SPMPod;
			sourceTree = "<group>";
		};
		9801F57E28EB89530052B1D4 /* SPMPodTests */ = {
			isa = PBXGroup;
			children = (
				9801F57F28EB89530052B1D4 /* SPMPodTests.swift */,
			);
			path = SPMPodTests;
			sourceTree = "<group>";
		};
/* End PBXGroup section */

/* Begin PBXHeadersBuildPhase section */
		9801F56B28EB89530052B1D4 /* Headers */ = {
			isa = PBXHeadersBuildPhase;
			buildActionMask = 2147483647;
			files = (
				9801F58128EB89530052B1D4 /* SPMPod.h in Headers */,
			);
			runOnlyForDeploymentPostprocessing = 0;
		};
/* End PBXHeadersBuildPhase section */

/* Begin PBXNativeTarget section */
		9801F56F28EB89530052B1D4 /* SPMPod */ = {
			isa = PBXNativeTarget;
			buildConfigurationList = 9801F58428EB89530052B1D4 /* Build configuration list for PBXNativeTarget "SPMPod" */;
			buildPhases = (
				9801F56B28EB89530052B1D4 /* Headers */,
				9801F56C28EB89530052B1D4 /* Sources */,
				9801F56D28EB89530052B1D4 /* Frameworks */,
				9801F56E28EB89530052B1D4 /* Resources */,
			);
			buildRules = (
			);
			dependencies = (
			);
			name = SPMPod;
			productName = SPMPod;
			productReference = 9801F57028EB89530052B1D4 /* SPMPod.framework */;
			productType = "com.apple.product-type.framework";
		};
		9801F57928EB89530052B1D4 /* SPMPodTests */ = {
			isa = PBXNativeTarget;
			buildConfigurationList = 9801F58728EB89530052B1D4 /* Build configuration list for PBXNativeTarget "SPMPodTests" */;
			buildPhases = (
				9801F57628EB89530052B1D4 /* Sources */,
				9801F57728EB89530052B1D4 /* Frameworks */,
				9801F57828EB89530052B1D4 /* Resources */,
			);
			buildRules = (
			);
			dependencies = (
				9801F57D28EB89530052B1D4 /* PBXTargetDependency */,
			);
			name = SPMPodTests;
			productName = SPMPodTests;
			productReference = 9801F57A28EB89530052B1D4 /* SPMPodTests.xctest */;
			productType = "com.apple.product-type.bundle.unit-test";
		};
/* End PBXNativeTarget section */

/* Begin PBXProject section */
		9801F56728EB89530052B1D4 /* Project object */ = {
			isa = PBXProject;
			attributes = {
				BuildIndependentTargetsInParallel = 1;
				LastSwiftUpdateCheck = 1340;
				LastUpgradeCheck = 1340;
				TargetAttributes = {
					9801F56F28EB89530052B1D4 = {
						CreatedOnToolsVersion = 13.4.1;
					};
					9801F57928EB89530052B1D4 = {
						CreatedOnToolsVersion = 13.4.1;
					};
				};
			};
			buildConfigurationList = 9801F56A28EB89530052B1D4 /* Build configuration list for PBXProject "SPMPod" */;
			compatibilityVersion = "Xcode 13.0";
			developmentRegion = en;
			hasScannedForEncodings = 0;
			knownRegions = (
				en,
				Base,
			);
			mainGroup = 9801F56628EB89530052B1D4;
			productRefGroup = 9801F57128EB89530052B1D4 /* Products */;
			projectDirPath = "";
			projectRoot = "";
			targets = (
				9801F56F28EB89530052B1D4 /* SPMPod */,
				9801F57928EB89530052B1D4 /* SPMPodTests */,
			);
		};
/* End PBXProject section */

/* Begin PBXResourcesBuildPhase section */
		9801F56E28EB89530052B1D4 /* Resources */ = {
			isa = PBXResourcesBuildPhase;
			buildActionMask = 2147483647;
			files = (
			);
			runOnlyForDeploymentPostprocessing = 0;
		};
		9801F57828EB89530052B1D4 /* Resources */ = {
			isa = PBXResourcesBuildPhase;
			buildActionMask = 2147483647;
			files = (
			);
			runOnlyForDeploymentPostprocessing = 0;
		};
/* End PBXResourcesBuildPhase section */

/* Begin PBXSourcesBuildPhase section */
		9801F56C28EB89530052B1D4 /* Sources */ = {
			isa = PBXSourcesBuildPhase;
			buildActionMask = 2147483647;
			files = (
				9801F57528EB89530052B1D4 /* SPMPod.docc in Sources */,
			);
			runOnlyForDeploymentPostprocessing = 0;
		};
		9801F57628EB89530052B1D4 /* Sources */ = {
			isa = PBXSourcesBuildPhase;
			buildActionMask = 2147483647;
			files = (
				9801F58028EB89530052B1D4 /* SPMPodTests.swift in Sources */,
			);
			runOnlyForDeploymentPostprocessing = 0;
		};
/* End PBXSourcesBuildPhase section */

/* Begin PBXTargetDependency section */
		9801F57D28EB89530052B1D4 /* PBXTargetDependency */ = {
			isa = PBXTargetDependency;
			target = 9801F56F28EB89530052B1D4 /* SPMPod */;
			targetProxy = 9801F57C28EB89530052B1D4 /* PBXContainerItemProxy */;
		};
/* End PBXTargetDependency section */

/* Begin XCBuildConfiguration section */
		9801F58228EB89530052B1D4 /* Debug */ = {
			isa = XCBuildConfiguration;
			buildSettings = {
				ALWAYS_SEARCH_USER_PATHS = NO;
				CLANG_ANALYZER_NONNULL = YES;
				CLANG_ANALYZER_NUMBER_OBJECT_CONVERSION = YES_AGGRESSIVE;
				CLANG_CXX_LANGUAGE_STANDARD = "gnu++17";
				CLANG_ENABLE_MODULES = YES;
				CLANG_ENABLE_OBJC_ARC = YES;
				CLANG_ENABLE_OBJC_WEAK = YES;
				CLANG_WARN_BLOCK_CAPTURE_AUTORELEASING = YES;
				CLANG_WARN_BOOL_CONVERSION = YES;
				CLANG_WARN_COMMA = YES;
				CLANG_WARN_CONSTANT_CONVERSION = YES;
				CLANG_WARN_DEPRECATED_OBJC_IMPLEMENTATIONS = YES;
				CLANG_WARN_DIRECT_OBJC_ISA_USAGE = YES_ERROR;
				CLANG_WARN_DOCUMENTATION_COMMENTS = YES;
				CLANG_WARN_EMPTY_BODY = YES;
				CLANG_WARN_ENUM_CONVERSION = YES;
				CLANG_WARN_INFINITE_RECURSION = YES;
				CLANG_WARN_INT_CONVERSION = YES;
				CLANG_WARN_NON_LITERAL_NULL_CONVERSION = YES;
				CLANG_WARN_OBJC_IMPLICIT_RETAIN_SELF = YES;
				CLANG_WARN_OBJC_LITERAL_CONVERSION = YES;
				CLANG_WARN_OBJC_ROOT_CLASS = YES_ERROR;
				CLANG_WARN_QUOTED_INCLUDE_IN_FRAMEWORK_HEADER = YES;
				CLANG_WARN_RANGE_LOOP_ANALYSIS = YES;
				CLANG_WARN_STRICT_PROTOTYPES = YES;
				CLANG_WARN_SUSPICIOUS_MOVE = YES;
				CLANG_WARN_UNGUARDED_AVAILABILITY = YES_AGGRESSIVE;
				CLANG_WARN_UNREACHABLE_CODE = YES;
				CLANG_WARN__DUPLICATE_METHOD_MATCH = YES;
				COPY_PHASE_STRIP = NO;
				CURRENT_PROJECT_VERSION = 1;
				DEBUG_INFORMATION_FORMAT = dwarf;
				ENABLE_STRICT_OBJC_MSGSEND = YES;
				ENABLE_TESTABILITY = YES;
				GCC_C_LANGUAGE_STANDARD = gnu11;
				GCC_DYNAMIC_NO_PIC = NO;
				GCC_NO_COMMON_BLOCKS = YES;
				GCC_OPTIMIZATION_LEVEL = 0;
				GCC_PREPROCESSOR_DEFINITIONS = (
					"DEBUG=1",
					"$(inherited)",
				);
				GCC_WARN_64_TO_32_BIT_CONVERSION = YES;
				GCC_WARN_ABOUT_RETURN_TYPE = YES_ERROR;
				GCC_WARN_UNDECLARED_SELECTOR = YES;
				GCC_WARN_UNINITIALIZED_AUTOS = YES_AGGRESSIVE;
				GCC_WARN_UNUSED_FUNCTION = YES;
				GCC_WARN_UNUSED_VARIABLE = YES;
				IPHONEOS_DEPLOYMENT_TARGET = 15.5;
				MTL_ENABLE_DEBUG_INFO = INCLUDE_SOURCE;
				MTL_FAST_MATH = YES;
				ONLY_ACTIVE_ARCH = YES;
				SDKROOT = iphoneos;
				SWIFT_ACTIVE_COMPILATION_CONDITIONS = DEBUG;
				SWIFT_OPTIMIZATION_LEVEL = "-Onone";
				VERSIONING_SYSTEM = "apple-generic";
				VERSION_INFO_PREFIX = "";
			};
			name = Debug;
		};
		9801F58328EB89530052B1D4 /* Release */ = {
			isa = XCBuildConfiguration;
			buildSettings = {
				ALWAYS_SEARCH_USER_PATHS = NO;
				CLANG_ANALYZER_NONNULL = YES;
				CLANG_ANALYZER_NUMBER_OBJECT_CONVERSION = YES_AGGRESSIVE;
				CLANG_CXX_LANGUAGE_STANDARD = "gnu++17";
				CLANG_ENABLE_MODULES = YES;
				CLANG_ENABLE_OBJC_ARC = YES;
				CLANG_ENABLE_OBJC_WEAK = YES;
				CLANG_WARN_BLOCK_CAPTURE_AUTORELEASING = YES;
				CLANG_WARN_BOOL_CONVERSION = YES;
				CLANG_WARN_COMMA = YES;
				CLANG_WARN_CONSTANT_CONVERSION = YES;
				CLANG_WARN_DEPRECATED_OBJC_IMPLEMENTATIONS = YES;
				CLANG_WARN_DIRECT_OBJC_ISA_USAGE = YES_ERROR;
				CLANG_WARN_DOCUMENTATION_COMMENTS = YES;
				CLANG_WARN_EMPTY_BODY = YES;
				CLANG_WARN_ENUM_CONVERSION = YES;
				CLANG_WARN_INFINITE_RECURSION = YES;
				CLANG_WARN_INT_CONVERSION = YES;
				CLANG_WARN_NON_LITERAL_NULL_CONVERSION = YES;
				CLANG_WARN_OBJC_IMPLICIT_RETAIN_SELF = YES;
				CLANG_WARN_OBJC_LITERAL_CONVERSION = YES;
				CLANG_WARN_OBJC_ROOT_CLASS = YES_ERROR;
				CLANG_WARN_QUOTED_INCLUDE_IN_FRAMEWORK_HEADER = YES;
				CLANG_WARN_RANGE_LOOP_ANALYSIS = YES;
				CLANG_WARN_STRICT_PROTOTYPES = YES;
				CLANG_WARN_SUSPICIOUS_MOVE = YES;
				CLANG_WARN_UNGUARDED_AVAILABILITY = YES_AGGRESSIVE;
				CLANG_WARN_UNREACHABLE_CODE = YES;
				CLANG_WARN__DUPLICATE_METHOD_MATCH = YES;
				COPY_PHASE_STRIP = NO;
				CURRENT_PROJECT_VERSION = 1;
				DEBUG_INFORMATION_FORMAT = "dwarf-with-dsym";
				ENABLE_NS_ASSERTIONS = NO;
				ENABLE_STRICT_OBJC_MSGSEND = YES;
				GCC_C_LANGUAGE_STANDARD = gnu11;
				GCC_NO_COMMON_BLOCKS = YES;
				GCC_WARN_64_TO_32_BIT_CONVERSION = YES;
				GCC_WARN_ABOUT_RETURN_TYPE = YES_ERROR;
				GCC_WARN_UNDECLARED_SELECTOR = YES;
				GCC_WARN_UNINITIALIZED_AUTOS = YES_AGGRESSIVE;
				GCC_WARN_UNUSED_FUNCTION = YES;
				GCC_WARN_UNUSED_VARIABLE = YES;
				IPHONEOS_DEPLOYMENT_TARGET = 15.5;
				MTL_ENABLE_DEBUG_INFO = NO;
				MTL_FAST_MATH = YES;
				SDKROOT = iphoneos;
				SWIFT_COMPILATION_MODE = wholemodule;
				SWIFT_OPTIMIZATION_LEVEL = "-O";
				VALIDATE_PRODUCT = YES;
				VERSIONING_SYSTEM = "apple-generic";
				VERSION_INFO_PREFIX = "";
			};
			name = Release;
		};
		9801F58528EB89530052B1D4 /* Debug */ = {
			isa = XCBuildConfiguration;
			buildSettings = {
				CODE_SIGN_STYLE = Automatic;
				CURRENT_PROJECT_VERSION = 1;
				DEFINES_MODULE = YES;
				DEVELOPMENT_TEAM = JS5TPARX7J;
				DYLIB_COMPATIBILITY_VERSION = 1;
				DYLIB_CURRENT_VERSION = 1;
				DYLIB_INSTALL_NAME_BASE = "@rpath";
				GENERATE_INFOPLIST_FILE = YES;
				INFOPLIST_KEY_NSHumanReadableCopyright = "";
				INSTALL_PATH = "$(LOCAL_LIBRARY_DIR)/Frameworks";
				LD_RUNPATH_SEARCH_PATHS = (
					"$(inherited)",
					"@executable_path/Frameworks",
					"@loader_path/Frameworks",
				);
				MARKETING_VERSION = 1.0;
				PRODUCT_BUNDLE_IDENTIFIER = com.vivatech.networkmanager.SPMPod;
				PRODUCT_NAME = "$(TARGET_NAME:c99extidentifier)";
				SKIP_INSTALL = YES;
				SWIFT_EMIT_LOC_STRINGS = YES;
				SWIFT_VERSION = 5.0;
				TARGETED_DEVICE_FAMILY = "1,2";
			};
			name = Debug;
		};
		9801F58628EB89530052B1D4 /* Release */ = {
			isa = XCBuildConfiguration;
			buildSettings = {
				CODE_SIGN_STYLE = Automatic;
				CURRENT_PROJECT_VERSION = 1;
				DEFINES_MODULE = YES;
				DEVELOPMENT_TEAM = JS5TPARX7J;
				DYLIB_COMPATIBILITY_VERSION = 1;
				DYLIB_CURRENT_VERSION = 1;
				DYLIB_INSTALL_NAME_BASE = "@rpath";
				GENERATE_INFOPLIST_FILE = YES;
				INFOPLIST_KEY_NSHumanReadableCopyright = "";
				INSTALL_PATH = "$(LOCAL_LIBRARY_DIR)/Frameworks";
				LD_RUNPATH_SEARCH_PATHS = (
					"$(inherited)",
					"@executable_path/Frameworks",
					"@loader_path/Frameworks",
				);
				MARKETING_VERSION = 1.0;
				PRODUCT_BUNDLE_IDENTIFIER = com.vivatech.networkmanager.SPMPod;
				PRODUCT_NAME = "$(TARGET_NAME:c99extidentifier)";
				SKIP_INSTALL = YES;
				SWIFT_EMIT_LOC_STRINGS = YES;
				SWIFT_VERSION = 5.0;
				TARGETED_DEVICE_FAMILY = "1,2";
			};
			name = Release;
		};
		9801F58828EB89530052B1D4 /* Debug */ = {
			isa = XCBuildConfiguration;
			buildSettings = {
				CODE_SIGN_STYLE = Automatic;
				CURRENT_PROJECT_VERSION = 1;
				DEVELOPMENT_TEAM = JS5TPARX7J;
				GENERATE_INFOPLIST_FILE = YES;
				MARKETING_VERSION = 1.0;
				PRODUCT_BUNDLE_IDENTIFIER = com.vivatech.networkmanager.SPMPodTests;
				PRODUCT_NAME = "$(TARGET_NAME)";
				SWIFT_EMIT_LOC_STRINGS = NO;
				SWIFT_VERSION = 5.0;
				TARGETED_DEVICE_FAMILY = "1,2";
			};
			name = Debug;
		};
		9801F58928EB89530052B1D4 /* Release */ = {
			isa = XCBuildConfiguration;
			buildSettings = {
				CODE_SIGN_STYLE = Automatic;
				CURRENT_PROJECT_VERSION = 1;
				DEVELOPMENT_TEAM = JS5TPARX7J;
				GENERATE_INFOPLIST_FILE = YES;
				MARKETING_VERSION = 1.0;
				PRODUCT_BUNDLE_IDENTIFIER = com.vivatech.networkmanager.SPMPodTests;
				PRODUCT_NAME = "$(TARGET_NAME)";
				SWIFT_EMIT_LOC_STRINGS = NO;
				SWIFT_VERSION = 5.0;
				TARGETED_DEVICE_FAMILY = "1,2";
			};
			name = Release;
		};
/* End XCBuildConfiguration section */

/* Begin XCConfigurationList section */
		9801F56A28EB89530052B1D4 /* Build configuration list for PBXProject "SPMPod" */ = {
			isa = XCConfigurationList;
			buildConfigurations = (
				9801F58228EB89530052B1D4 /* Debug */,
				9801F58328EB89530052B1D4 /* Release */,
			);
			defaultConfigurationIsVisible = 0;
			defaultConfigurationName = Release;
		};
		9801F58428EB89530052B1D4 /* Build configuration list for PBXNativeTarget "SPMPod" */ = {
			isa = XCConfigurationList;
			buildConfigurations = (
				9801F58528EB89530052B1D4 /* Debug */,
				9801F58628EB89530052B1D4 /* Release */,
			);
			defaultConfigurationIsVisible = 0;
			defaultConfigurationName = Release;
		};
		9801F58728EB89530052B1D4 /* Build configuration list for PBXNativeTarget "SPMPodTests" */ = {
			isa = XCConfigurationList;
			buildConfigurations = (
				9801F58828EB89530052B1D4 /* Debug */,
				9801F58928EB89530052B1D4 /* Release */,
			);
			defaultConfigurationIsVisible = 0;
			defaultConfigurationName = Release;
		};
/* End XCConfigurationList section */
	};
	rootObject = 9801F56728EB89530052B1D4 /* Project object */;
}
